Microsoft Visual Studio Solution File, Format Version 12.00
# Visual Studio 15
VisualStudioVersion = 15.0.28307.106
MinimumVisualStudioVersion = 10.0.40219.1
Project("{9A19103F-16F7-4668-BE54-9A1E7A4F7556}") = "GetInputVariableFromAlarmGrid", "GetInputVariableFromAlarmGrid.csproj", "{BD951642-15CE-5A06-D695-A9BD7470600D}"
EndProject
Global
    GlobalSection(SolutionConfigurationPlatforms) = preSolution
        Debug|Any CPU = Debug|Any CPU
        Release|Any CPU = Release|Any CPU
    EndGlobalSection
    GlobalSection(ProjectConfigurationPlatforms) = postSolution
        {BD951642-15CE-5A06-D695-A9BD7470600D}.Debug|Any CPU.ActiveCfg = Debug|Any CPU
        {BD951642-15CE-5A06-D695-A9BD7470600D}.Debug|Any CPU.Build.0 = Debug|Any CPU
        {BD951642-15CE-5A06-D695-A9BD7470600D}.Release|Any CPU.ActiveCfg = Release|Any CPU
        {BD951642-15CE-5A06-D695-A9BD7470600D}.Release|Any CPU.Build.0 = Release|Any CPU
    EndGlobalSection
    GlobalSection(SolutionProperties) = preSolution
        HideSolutionNode = FALSE
    EndGlobalSection
EndGlobal
